<Solution>
  <Project Path="../../tests/FileTracert.Tests/FileTracert.Tests.csproj" />
  <Project Path="FileTracert.Business/FileTracert.Business.csproj" />
  <Project Path="FileTracert.Contracts/FileTracert.Contracts.csproj" />
  <Project Path="FileTracert.Data/FileTracert.Data.csproj" />
  <Project Path="FileTracert.Host/FileTracert.Host.csproj" />
  <Project Path="FileTracert.Platform/FileTracert.Platform.csproj" />
</Solution>
